
Microsoft Visual Studio Solution File, Format Version 12.00
# Visual Studio Version 17
VisualStudioVersion = 17.0.31903.59
MinimumVisualStudioVersion = 10.0.40219.1
Project("{2150E333-8FDC-42A3-9474-1A3956D46DE8}") = "src", "src", "{F8A46E4E-8C3C-4095-BB43-DAA61B04CAA2}"
EndProject
Project("{FAE04EC0-301F-11D3-BF4B-00C04F79EFBC}") = "Yovo.Platform.Abstractions", "src\Yovo.Platform.Abstractions\Yovo.Platform.Abstractions.csproj", "{001C63B3-3455-4578-8685-3C4F23754AC5}"
EndProject
Project("{FAE04EC0-301F-11D3-BF4B-00C04F79EFBC}") = "Yovo.Platform", "src\Yovo.Platform\Yovo.Platform.csproj", "{79922F30-3DEA-420B-A32E-9BC7D0AA3957}"
EndProject
Project("{FAE04EC0-301F-11D3-BF4B-00C04F79EFBC}") = "Yovo.Shell", "src\Yovo.Shell\Yovo.Shell.csproj", "{329EB06E-6ADD-490C-BCCB-E4271B1F1ABA}"
EndProject
Project("{FAE04EC0-301F-11D3-BF4B-00C04F79EFBC}") = "Yovo.Host", "src\Yovo.Host\Yovo.Host.csproj", "{8A7A4E43-7A80-4A79-B295-F1C7DAED926F}"
EndProject
Project("{2150E333-8FDC-42A3-9474-1A3956D46DE8}") = "Modules", "Modules", "{FAAA4D70-C67B-4E10-85DA-12C7CAB045E0}"
EndProject
Project("{FAE04EC0-301F-11D3-BF4B-00C04F79EFBC}") = "Yovo.Modules.AdbTerminal", "src\Modules\Yovo.Modules.AdbTerminal\Yovo.Modules.AdbTerminal.csproj", "{310F9830-6130-458F-9BFA-51EAF456A663}"
EndProject
Project("{FAE04EC0-301F-11D3-BF4B-00C04F79EFBC}") = "Yovo.Modules.FileManager", "src\Modules\Yovo.Modules.FileManager\Yovo.Modules.FileManager.csproj", "{416267E3-57B6-49CE-B298-832E14CA4E39}"
EndProject
Project("{FAE04EC0-301F-11D3-BF4B-00C04F79EFBC}") = "Yovo.Modules.LogAnalyzer", "src\Modules\Yovo.Modules.LogAnalyzer\Yovo.Modules.LogAnalyzer.csproj", "{2D96BCA7-3D58-484A-8F38-D0205D83F1A1}"
EndProject
Project("{2150E333-8FDC-42A3-9474-1A3956D46DE8}") = "tests", "tests", "{DB4C3237-5C66-4B48-9DC6-AB2AB7A63F7D}"
EndProject
Project("{FAE04EC0-301F-11D3-BF4B-00C04F79EFBC}") = "Yovo.Architecture.Tests", "tests\Yovo.Architecture.Tests\Yovo.Architecture.Tests.csproj", "{61FBBB53-5F88-4E19-82CF-634A25D21B33}"
EndProject
Project("{FAE04EC0-301F-11D3-BF4B-00C04F79EFBC}") = "Yovo.Platform.Tests", "tests\Yovo.Platform.Tests\Yovo.Platform.Tests.csproj", "{6A6D1C2C-139F-41DB-9997-A9DF3AB99B50}"
EndProject
Project("{FAE04EC0-301F-11D3-BF4B-00C04F79EFBC}") = "Yovo.Modules.AdbTerminal.Tests", "tests\Yovo.Modules.AdbTerminal.Tests\Yovo.Modules.AdbTerminal.Tests.csproj", "{DCFA4FF7-F9D9-4569-AB3F-6C67E4E46880}"
EndProject
Project("{FAE04EC0-301F-11D3-BF4B-00C04F79EFBC}") = "Yovo.Modules.LogAnalyzer.Tests", "tests\Yovo.Modules.LogAnalyzer.Tests\Yovo.Modules.LogAnalyzer.Tests.csproj", "{C128B83D-7AD8-4B94-9EC8-59B443B097EB}"
EndProject
Global
	GlobalSection(SolutionConfigurationPlatforms) = preSolution
		Debug|Any CPU = Debug|Any CPU
		Release|Any CPU = Release|Any CPU
	EndGlobalSection
	GlobalSection(SolutionProperties) = preSolution
		HideSolutionNode = FALSE
	EndGlobalSection
	GlobalSection(ProjectConfigurationPlatforms) = postSolution
		{001C63B3-3455-4578-8685-3C4F23754AC5}.Debug|Any CPU.ActiveCfg = Debug|Any CPU
		{001C63B3-3455-4578-8685-3C4F23754AC5}.Debug|Any CPU.Build.0 = Debug|Any CPU
		{001C63B3-3455-4578-8685-3C4F23754AC5}.Release|Any CPU.ActiveCfg = Release|Any CPU
		{001C63B3-3455-4578-8685-3C4F23754AC5}.Release|Any CPU.Build.0 = Release|Any CPU
		{79922F30-3DEA-420B-A32E-9BC7D0AA3957}.Debug|Any CPU.ActiveCfg = Debug|Any CPU
		{79922F30-3DEA-420B-A32E-9BC7D0AA3957}.Debug|Any CPU.Build.0 = Debug|Any CPU
		{79922F30-3DEA-420B-A32E-9BC7D0AA3957}.Release|Any CPU.ActiveCfg = Release|Any CPU
		{79922F30-3DEA-420B-A32E-9BC7D0AA3957}.Release|Any CPU.Build.0 = Release|Any CPU
		{329EB06E-6ADD-490C-BCCB-E4271B1F1ABA}.Debug|Any CPU.ActiveCfg = Debug|Any CPU
		{329EB06E-6ADD-490C-BCCB-E4271B1F1ABA}.Debug|Any CPU.Build.0 = Debug|Any CPU
		{329EB06E-6ADD-490C-BCCB-E4271B1F1ABA}.Release|Any CPU.ActiveCfg = Release|Any CPU
		{329EB06E-6ADD-490C-BCCB-E4271B1F1ABA}.Release|Any CPU.Build.0 = Release|Any CPU
		{8A7A4E43-7A80-4A79-B295-F1C7DAED926F}.Debug|Any CPU.ActiveCfg = Debug|Any CPU
		{8A7A4E43-7A80-4A79-B295-F1C7DAED926F}.Debug|Any CPU.Build.0 = Debug|Any CPU
		{8A7A4E43-7A80-4A79-B295-F1C7DAED926F}.Release|Any CPU.ActiveCfg = Release|Any CPU
		{8A7A4E43-7A80-4A79-B295-F1C7DAED926F}.Release|Any CPU.Build.0 = Release|Any CPU
		{310F9830-6130-458F-9BFA-51EAF456A663}.Debug|Any CPU.ActiveCfg = Debug|Any CPU
		{310F9830-6130-458F-9BFA-51EAF456A663}.Debug|Any CPU.Build.0 = Debug|Any CPU
		{310F9830-6130-458F-9BFA-51EAF456A663}.Release|Any CPU.ActiveCfg = Release|Any CPU
		{310F9830-6130-458F-9BFA-51EAF456A663}.Release|Any CPU.Build.0 = Release|Any CPU
		{416267E3-57B6-49CE-B298-832E14CA4E39}.Debug|Any CPU.ActiveCfg = Debug|Any CPU
		{416267E3-57B6-49CE-B298-832E14CA4E39}.Debug|Any CPU.Build.0 = Debug|Any CPU
		{416267E3-57B6-49CE-B298-832E14CA4E39}.Release|Any CPU.ActiveCfg = Release|Any CPU
		{416267E3-57B6-49CE-B298-832E14CA4E39}.Release|Any CPU.Build.0 = Release|Any CPU
		{2D96BCA7-3D58-484A-8F38-D0205D83F1A1}.Debug|Any CPU.ActiveCfg = Debug|Any CPU
		{2D96BCA7-3D58-484A-8F38-D0205D83F1A1}.Debug|Any CPU.Build.0 = Debug|Any CPU
		{2D96BCA7-3D58-484A-8F38-D0205D83F1A1}.Release|Any CPU.ActiveCfg = Release|Any CPU
		{2D96BCA7-3D58-484A-8F38-D0205D83F1A1}.Release|Any CPU.Build.0 = Release|Any CPU
		{61FBBB53-5F88-4E19-82CF-634A25D21B33}.Debug|Any CPU.ActiveCfg = Debug|Any CPU
		{61FBBB53-5F88-4E19-82CF-634A25D21B33}.Debug|Any CPU.Build.0 = Debug|Any CPU
		{61FBBB53-5F88-4E19-82CF-634A25D21B33}.Release|Any CPU.ActiveCfg = Release|Any CPU
		{61FBBB53-5F88-4E19-82CF-634A25D21B33}.Release|Any CPU.Build.0 = Release|Any CPU
		{6A6D1C2C-139F-41DB-9997-A9DF3AB99B50}.Debug|Any CPU.ActiveCfg = Debug|Any CPU
		{6A6D1C2C-139F-41DB-9997-A9DF3AB99B50}.Debug|Any CPU.Build.0 = Debug|Any CPU
		{6A6D1C2C-139F-41DB-9997-A9DF3AB99B50}.Release|Any CPU.ActiveCfg = Release|Any CPU
		{6A6D1C2C-139F-41DB-9997-A9DF3AB99B50}.Release|Any CPU.Build.0 = Release|Any CPU
		{DCFA4FF7-F9D9-4569-AB3F-6C67E4E46880}.Debug|Any CPU.ActiveCfg = Debug|Any CPU
		{DCFA4FF7-F9D9-4569-AB3F-6C67E4E46880}.Debug|Any CPU.Build.0 = Debug|Any CPU
		{DCFA4FF7-F9D9-4569-AB3F-6C67E4E46880}.Release|Any CPU.ActiveCfg = Release|Any CPU
		{DCFA4FF7-F9D9-4569-AB3F-6C67E4E46880}.Release|Any CPU.Build.0 = Release|Any CPU
		{C128B83D-7AD8-4B94-9EC8-59B443B097EB}.Debug|Any CPU.ActiveCfg = Debug|Any CPU
		{C128B83D-7AD8-4B94-9EC8-59B443B097EB}.Debug|Any CPU.Build.0 = Debug|Any CPU
		{C128B83D-7AD8-4B94-9EC8-59B443B097EB}.Release|Any CPU.ActiveCfg = Release|Any CPU
		{C128B83D-7AD8-4B94-9EC8-59B443B097EB}.Release|Any CPU.Build.0 = Release|Any CPU
	EndGlobalSection
	GlobalSection(NestedProjects) = preSolution
		{001C63B3-3455-4578-8685-3C4F23754AC5} = {F8A46E4E-8C3C-4095-BB43-DAA61B04CAA2}
		{79922F30-3DEA-420B-A32E-9BC7D0AA3957} = {F8A46E4E-8C3C-4095-BB43-DAA61B04CAA2}
		{329EB06E-6ADD-490C-BCCB-E4271B1F1ABA} = {F8A46E4E-8C3C-4095-BB43-DAA61B04CAA2}
		{8A7A4E43-7A80-4A79-B295-F1C7DAED926F} = {F8A46E4E-8C3C-4095-BB43-DAA61B04CAA2}
		{FAAA4D70-C67B-4E10-85DA-12C7CAB045E0} = {F8A46E4E-8C3C-4095-BB43-DAA61B04CAA2}
		{310F9830-6130-458F-9BFA-51EAF456A663} = {FAAA4D70-C67B-4E10-85DA-12C7CAB045E0}
		{416267E3-57B6-49CE-B298-832E14CA4E39} = {FAAA4D70-C67B-4E10-85DA-12C7CAB045E0}
		{2D96BCA7-3D58-484A-8F38-D0205D83F1A1} = {FAAA4D70-C67B-4E10-85DA-12C7CAB045E0}
		{61FBBB53-5F88-4E19-82CF-634A25D21B33} = {DB4C3237-5C66-4B48-9DC6-AB2AB7A63F7D}
		{6A6D1C2C-139F-41DB-9997-A9DF3AB99B50} = {DB4C3237-5C66-4B48-9DC6-AB2AB7A63F7D}
		{DCFA4FF7-F9D9-4569-AB3F-6C67E4E46880} = {DB4C3237-5C66-4B48-9DC6-AB2AB7A63F7D}
		{C128B83D-7AD8-4B94-9EC8-59B443B097EB} = {DB4C3237-5C66-4B48-9DC6-AB2AB7A63F7D}
	EndGlobalSection
EndGlobal
